
Microsoft Visual Studio Solution File, Format Version 12.00
# Visual Studio Version 17
VisualStudioVersion = 17.14.36511.14 d17.14
MinimumVisualStudioVersion = 10.0.40219.1
Project("{FAE04EC0-301F-11D3-BF4B-00C04F79EFBC}") = "graphedit", "graphred\graphedit.csproj", "{C63D0E4D-AC24-4F3D-9C58-6AAE4E438F31}"
EndProject
Global
	GlobalSection(SolutionConfigurationPlatforms) = preSolution
		Debug|Any CPU = Debug|Any CPU
		Release|Any CPU = Release|Any CPU
	EndGlobalSection
	GlobalSection(ProjectConfigurationPlatforms) = postSolution
		{C63D0E4D-AC24-4F3D-9C58-6AAE4E438F31}.Debug|Any CPU.ActiveCfg = Debug|Any CPU
		{C63D0E4D-AC24-4F3D-9C58-6AAE4E438F31}.Debug|Any CPU.Build.0 = Debug|Any CPU
		{C63D0E4D-AC24-4F3D-9C58-6AAE4E438F31}.Release|Any CPU.ActiveCfg = Release|Any CPU
		{C63D0E4D-AC24-4F3D-9C58-6AAE4E438F31}.Release|Any CPU.Build.0 = Release|Any CPU
	EndGlobalSection
	GlobalSection(SolutionProperties) = preSolution
		HideSolutionNode = FALSE
	EndGlobalSection
	GlobalSection(ExtensibilityGlobals) = postSolution
		SolutionGuid = {0E5DD3F1-F9D7-43B8-A588-04AE77DEF0C1}
	EndGlobalSection
EndGlobal
